
Microsoft Visual Studio Solution File, Format Version 12.00
# Visual Studio Version 17
VisualStudioVersion = 17.7.34009.444
MinimumVisualStudioVersion = 10.0.40219.1
Project("{FAE04EC0-301F-11D3-BF4B-00C04F79EFBC}") = "WindowsFormsApp1", "..\WindowsFormsApp1\WindowsFormsApp1.csproj", "{71A5BF26-0716-42EA-AAEB-557419C8AA82}"
EndProject
Global
	GlobalSection(SolutionConfigurationPlatforms) = preSolution
		Debug|Any CPU = Debug|Any CPU
		Release|Any CPU = Release|Any CPU
	EndGlobalSection
	GlobalSection(ProjectConfigurationPlatforms) = postSolution
		{71A5BF26-0716-42EA-AAEB-557419C8AA82}.Debug|Any CPU.ActiveCfg = Debug|Any CPU
		{71A5BF26-0716-42EA-AAEB-557419C8AA82}.Debug|Any CPU.Build.0 = Debug|Any CPU
		{71A5BF26-0716-42EA-AAEB-557419C8AA82}.Release|Any CPU.ActiveCfg = Release|Any CPU
		{71A5BF26-0716-42EA-AAEB-557419C8AA82}.Release|Any CPU.Build.0 = Release|Any CPU
	EndGlobalSection
	GlobalSection(SolutionProperties) = preSolution
		HideSolutionNode = FALSE
	EndGlobalSection
	GlobalSection(ExtensibilityGlobals) = postSolution
		SolutionGuid = {F2F23E31-9C57-4478-A84C-FB4CBF356875}
	EndGlobalSection
EndGlobal
